{
  "requires": true,
  "lockfileVersion": 1,
  "dependencies": {
    "@smartweb/vue-flash-message": {
      "version": "0.6.10",
      "resolved": "https://registry.npmjs.org/@smartweb/vue-flash-message/-/vue-flash-message-0.6.10.tgz",
      "integrity": "sha512-ceDUUzXI6FDscev36kZQvc2BO+MayOt6uJ2HSh9zoOkfa0PVIhmaoB56InlTTsK7MmlSIvPJpRB+Habdx3MtNw=="
    }
  }
}
